
Microsoft Visual Studio Solution File, Format Version 12.00
# Visual Studio Version 17
VisualStudioVersion = 17.4.33403.182
MinimumVisualStudioVersion = 10.0.40219.1
Project("{FAE04EC0-301F-11D3-BF4B-00C04F79EFBC}") = "DotNetTrainingBatch3.ConsoleApp", "DotNetTrainingBatch3.ConsoleApp\DotNetTrainingBatch3.ConsoleApp.csproj", "{B3D77920-5EB0-4CB8-AA10-1A9DE0CFBC03}"
EndProject
Global
	GlobalSection(SolutionConfigurationPlatforms) = preSolution
		Debug|Any CPU = Debug|Any CPU
		Release|Any CPU = Release|Any CPU
	EndGlobalSection
	GlobalSection(ProjectConfigurationPlatforms) = postSolution
		{B3D77920-5EB0-4CB8-AA10-1A9DE0CFBC03}.Debug|Any CPU.ActiveCfg = Debug|Any CPU
		{B3D77920-5EB0-4CB8-AA10-1A9DE0CFBC03}.Debug|Any CPU.Build.0 = Debug|Any CPU
		{B3D77920-5EB0-4CB8-AA10-1A9DE0CFBC03}.Release|Any CPU.ActiveCfg = Release|Any CPU
		{B3D77920-5EB0-4CB8-AA10-1A9DE0CFBC03}.Release|Any CPU.Build.0 = Release|Any CPU
	EndGlobalSection
	GlobalSection(SolutionProperties) = preSolution
		HideSolutionNode = FALSE
	EndGlobalSection
	GlobalSection(ExtensibilityGlobals) = postSolution
		SolutionGuid = {6E586EEE-6E68-428A-8040-EDA0DB15E355}
	EndGlobalSection
EndGlobal
